
Microsoft Visual Studio Solution File, Format Version 12.00
# Visual Studio Version 17
VisualStudioVersion = 17.14.36121.58 d17.14
MinimumVisualStudioVersion = 10.0.40219.1
Project("{FAE04EC0-301F-11D3-BF4B-00C04F79EFBC}") = "MinimalAPIsMovies", "MinimalAPIsMovies\MinimalAPIsMovies.csproj", "{8917BECF-0A9B-41D9-9669-F5E64518DAAF}"
EndProject
Global
	GlobalSection(SolutionConfigurationPlatforms) = preSolution
		Debug|Any CPU = Debug|Any CPU
		Release|Any CPU = Release|Any CPU
	EndGlobalSection
	GlobalSection(ProjectConfigurationPlatforms) = postSolution
		{8917BECF-0A9B-41D9-9669-F5E64518DAAF}.Debug|Any CPU.ActiveCfg = Debug|Any CPU
		{8917BECF-0A9B-41D9-9669-F5E64518DAAF}.Debug|Any CPU.Build.0 = Debug|Any CPU
		{8917BECF-0A9B-41D9-9669-F5E64518DAAF}.Release|Any CPU.ActiveCfg = Release|Any CPU
		{8917BECF-0A9B-41D9-9669-F5E64518DAAF}.Release|Any CPU.Build.0 = Release|Any CPU
	EndGlobalSection
	GlobalSection(SolutionProperties) = preSolution
		HideSolutionNode = FALSE
	EndGlobalSection
	GlobalSection(ExtensibilityGlobals) = postSolution
		SolutionGuid = {A7502000-13EF-4C27-AFB3-A2B3C2C898EE}
	EndGlobalSection
EndGlobal
